
Microsoft Visual Studio Solution File, Format Version 12.00
# Visual Studio Version 17
VisualStudioVersion = 17.9.34728.123
MinimumVisualStudioVersion = 10.0.40219.1
Project("{FAE04EC0-301F-11D3-BF4B-00C04F79EFBC}") = "atv-frank06", "atv-frank06\atv-frank06.csproj", "{090AA264-0326-4618-BA5A-047F163AFC47}"
EndProject
Global
	GlobalSection(SolutionConfigurationPlatforms) = preSolution
		Debug|Any CPU = Debug|Any CPU
		Release|Any CPU = Release|Any CPU
	EndGlobalSection
	GlobalSection(ProjectConfigurationPlatforms) = postSolution
		{090AA264-0326-4618-BA5A-047F163AFC47}.Debug|Any CPU.ActiveCfg = Debug|Any CPU
		{090AA264-0326-4618-BA5A-047F163AFC47}.Debug|Any CPU.Build.0 = Debug|Any CPU
		{090AA264-0326-4618-BA5A-047F163AFC47}.Release|Any CPU.ActiveCfg = Release|Any CPU
		{090AA264-0326-4618-BA5A-047F163AFC47}.Release|Any CPU.Build.0 = Release|Any CPU
	EndGlobalSection
	GlobalSection(SolutionProperties) = preSolution
		HideSolutionNode = FALSE
	EndGlobalSection
	GlobalSection(ExtensibilityGlobals) = postSolution
		SolutionGuid = {DDAE4359-04E0-40DA-9D69-AA354EDE940D}
	EndGlobalSection
EndGlobal
